
Microsoft Visual Studio Solution File, Format Version 12.00
# Visual Studio 15
VisualStudioVersion = 15.0.27703.2042
MinimumVisualStudioVersion = 10.0.40219.1
Project("{FAE04EC0-301F-11D3-BF4B-00C04F79EFBC}") = "Opsis.WPF", "Opsis.WPF\Opsis.WPF.csproj", "{88A0E35F-4C7A-4638-850C-E105F185A803}"
EndProject
Project("{FAE04EC0-301F-11D3-BF4B-00C04F79EFBC}") = "Opsis.Interfaces", "Opsis.Interfaces\Opsis.Interfaces.csproj", "{A26ABA43-840A-4FE3-88BB-FD2DB22CBDBA}"
EndProject
Project("{FAE04EC0-301F-11D3-BF4B-00C04F79EFBC}") = "Opsis.Database", "Opsis.Database\Opsis.Database.csproj", "{8B012DB1-9A25-4724-9B8E-C6187791A589}"
EndProject
Project("{FAE04EC0-301F-11D3-BF4B-00C04F79EFBC}") = "Opsis.Services", "Opsis.Services\Opsis.Services.csproj", "{84D70C00-8E77-45DB-BCA8-7D812C9E1646}"
EndProject
Project("{FAE04EC0-301F-11D3-BF4B-00C04F79EFBC}") = "Opsis.Database.Tests", "Opsis.Database.Tests\Opsis.Database.Tests.csproj", "{9F608BAA-71DD-48EE-9099-5E9A51E1F47A}"
EndProject
Global
	GlobalSection(SolutionConfigurationPlatforms) = preSolution
		Debug|Any CPU = Debug|Any CPU
		Release|Any CPU = Release|Any CPU
	EndGlobalSection
	GlobalSection(ProjectConfigurationPlatforms) = postSolution
		{88A0E35F-4C7A-4638-850C-E105F185A803}.Debug|Any CPU.ActiveCfg = Debug|Any CPU
		{88A0E35F-4C7A-4638-850C-E105F185A803}.Debug|Any CPU.Build.0 = Debug|Any CPU
		{88A0E35F-4C7A-4638-850C-E105F185A803}.Release|Any CPU.ActiveCfg = Release|Any CPU
		{88A0E35F-4C7A-4638-850C-E105F185A803}.Release|Any CPU.Build.0 = Release|Any CPU
		{A26ABA43-840A-4FE3-88BB-FD2DB22CBDBA}.Debug|Any CPU.ActiveCfg = Debug|Any CPU
		{A26ABA43-840A-4FE3-88BB-FD2DB22CBDBA}.Debug|Any CPU.Build.0 = Debug|Any CPU
		{A26ABA43-840A-4FE3-88BB-FD2DB22CBDBA}.Release|Any CPU.ActiveCfg = Release|Any CPU
		{A26ABA43-840A-4FE3-88BB-FD2DB22CBDBA}.Release|Any CPU.Build.0 = Release|Any CPU
		{8B012DB1-9A25-4724-9B8E-C6187791A589}.Debug|Any CPU.ActiveCfg = Debug|Any CPU
		{8B012DB1-9A25-4724-9B8E-C6187791A589}.Debug|Any CPU.Build.0 = Debug|Any CPU
		{8B012DB1-9A25-4724-9B8E-C6187791A589}.Release|Any CPU.ActiveCfg = Release|Any CPU
		{8B012DB1-9A25-4724-9B8E-C6187791A589}.Release|Any CPU.Build.0 = Release|Any CPU
		{84D70C00-8E77-45DB-BCA8-7D812C9E1646}.Debug|Any CPU.ActiveCfg = Debug|Any CPU
		{84D70C00-8E77-45DB-BCA8-7D812C9E1646}.Debug|Any CPU.Build.0 = Debug|Any CPU
		{84D70C00-8E77-45DB-BCA8-7D812C9E1646}.Release|Any CPU.ActiveCfg = Release|Any CPU
		{84D70C00-8E77-45DB-BCA8-7D812C9E1646}.Release|Any CPU.Build.0 = Release|Any CPU
		{9F608BAA-71DD-48EE-9099-5E9A51E1F47A}.Debug|Any CPU.ActiveCfg = Debug|Any CPU
		{9F608BAA-71DD-48EE-9099-5E9A51E1F47A}.Debug|Any CPU.Build.0 = Debug|Any CPU
		{9F608BAA-71DD-48EE-9099-5E9A51E1F47A}.Release|Any CPU.ActiveCfg = Release|Any CPU
		{9F608BAA-71DD-48EE-9099-5E9A51E1F47A}.Release|Any CPU.Build.0 = Release|Any CPU
	EndGlobalSection
	GlobalSection(SolutionProperties) = preSolution
		HideSolutionNode = FALSE
	EndGlobalSection
	GlobalSection(ExtensibilityGlobals) = postSolution
		SolutionGuid = {477B00B5-2930-4F19-B63A-CF7FFAE80751}
	EndGlobalSection
EndGlobal
